<?xml version="1.0" encoding="utf-8"?>
<Project ToolsVersion="14.0" xmlns="http://schemas.microsoft.com/developer/msbuild/2003">
  <ItemGroup>
    <Filter Include="Source Files">
      <UniqueIdentifier>{B1F27843-FECA-1BAD-5847-CA740000002E}</UniqueIdentifier>
      <Extensions>cpp;cxx;cc;c;C</Extensions>
    </Filter>
    <Filter Include="Header Files">
      <UniqueIdentifier>{06319535-FECA-1BAD-5847-CA740000002E}</UniqueIdentifier>
      <Extensions>h;hpp;hxx;hh</Extensions>
    </Filter>
    <Filter Include="Build Files">
      <UniqueIdentifier>{A1909F1C-FECA-1BAD-5847-CA740000002E}</UniqueIdentifier>
      <Extensions>mpc;mpb;mwc</Extensions>
    </Filter>
    <Filter Include="Idl Files">
      <UniqueIdentifier>{2990FA4C-FECA-1BAD-5847-CA740000002E}</UniqueIdentifier>
      <Extensions>idl</Extensions>
    </Filter>
    <Filter Include="Idl And Typesupport Files">
      <UniqueIdentifier>{9E235CA7-FECA-1BAD-5847-CA740000002E}</UniqueIdentifier>
      <Extensions>idl</Extensions>
    </Filter>
    <Filter Include="Inline Files">
      <UniqueIdentifier>{763028EF-FECA-1BAD-5847-CA740000002E}</UniqueIdentifier>
      <Extensions>i;ipp;inl</Extensions>
    </Filter>
  </ItemGroup>
  <ItemGroup>
    <ClCompile Include="DataExchangeC.cpp">
      <Filter>Source Files</Filter>
    </ClCompile>
    <ClCompile Include="DataExchangeS.cpp">
      <Filter>Source Files</Filter>
    </ClCompile>
    <ClCompile Include="DataExchangeTypeSupportC.cpp">
      <Filter>Source Files</Filter>
    </ClCompile>
    <ClCompile Include="DataExchangeTypeSupportImpl.cpp">
      <Filter>Source Files</Filter>
    </ClCompile>
    <ClCompile Include="DataExchangeTypeSupportS.cpp">
      <Filter>Source Files</Filter>
    </ClCompile>
    <ClCompile Include="Ambassador.cpp">
      <Filter>Source Files</Filter>
    </ClCompile>
    <ClCompile Include="AmbassadorPrivate.cpp">
      <Filter>Source Files</Filter>
    </ClCompile>
    <ClCompile Include="InterationClass.cpp">
      <Filter>Source Files</Filter>
    </ClCompile>
    <ClCompile Include="InterationClassPrivate.cpp">
      <Filter>Source Files</Filter>
    </ClCompile>
    <ClCompile Include="InterationInstanceImpl.cpp">
      <Filter>Source Files</Filter>
    </ClCompile>
    <ClCompile Include="InterationInstancePrivate.cpp">
      <Filter>Source Files</Filter>
    </ClCompile>
    <ClCompile Include="ObjectClass.cpp">
      <Filter>Source Files</Filter>
    </ClCompile>
    <ClCompile Include="ObjectClassPrivate.cpp">
      <Filter>Source Files</Filter>
    </ClCompile>
    <ClCompile Include="ObjectInstanceImpl.cpp">
      <Filter>Source Files</Filter>
    </ClCompile>
    <ClCompile Include="ObjectInstancePrivate.cpp">
      <Filter>Source Files</Filter>
    </ClCompile>
    <ClCompile Include="DataExchangeReaderListener.cpp">
      <Filter>Source Files</Filter>
    </ClCompile>
    <ClCompile Include="DataWriterListenerImpl.cpp">
      <Filter>Source Files</Filter>
    </ClCompile>
  </ItemGroup>
  <ItemGroup>
    <ClInclude Include="DataExchangeC.h">
      <Filter>Header Files</Filter>
    </ClInclude>
    <ClInclude Include="DataExchangeS.h">
      <Filter>Header Files</Filter>
    </ClInclude>
    <ClInclude Include="DataExchangeTypeSupportC.h">
      <Filter>Header Files</Filter>
    </ClInclude>
    <ClInclude Include="DataExchangeTypeSupportImpl.h">
      <Filter>Header Files</Filter>
    </ClInclude>
    <ClInclude Include="DataExchangeTypeSupportS.h">
      <Filter>Header Files</Filter>
    </ClInclude>
    <ClInclude Include="Ambassador.h">
      <Filter>Header Files</Filter>
    </ClInclude>
    <ClInclude Include="AmbassadorPrivate.h">
      <Filter>Header Files</Filter>
    </ClInclude>
    <ClInclude Include="common.h">
      <Filter>Header Files</Filter>
    </ClInclude>
    <ClInclude Include="InterationClass.h">
      <Filter>Header Files</Filter>
    </ClInclude>
    <ClInclude Include="InterationClassPrivate.h">
      <Filter>Header Files</Filter>
    </ClInclude>
    <ClInclude Include="InterationInstanceImpl.h">
      <Filter>Header Files</Filter>
    </ClInclude>
    <ClInclude Include="InterationInstancePrivate.h">
      <Filter>Header Files</Filter>
    </ClInclude>
    <ClInclude Include="ObjectClass.h">
      <Filter>Header Files</Filter>
    </ClInclude>
    <ClInclude Include="ObjectClassPrivate.h">
      <Filter>Header Files</Filter>
    </ClInclude>
    <ClInclude Include="ObjectInstanceImpl.h">
      <Filter>Header Files</Filter>
    </ClInclude>
    <ClInclude Include="ObjectInstancePrivate.h">
      <Filter>Header Files</Filter>
    </ClInclude>
    <ClInclude Include="DataExchangeReaderListener.h">
      <Filter>Header Files</Filter>
    </ClInclude>
    <ClInclude Include="DataWriterListenerImpl.h">
      <Filter>Header Files</Filter>
    </ClInclude>
  </ItemGroup>
  <ItemGroup>
    <None Include="DDSCore.mpc">
      <Filter>Build Files</Filter>
    </None>
    <None Include="DataExchange.idl">
      <Filter>Idl And Typesupport Files</Filter>
    </None>
    <None Include="DataExchangeTypeSupport.idl">
      <Filter>Idl Files</Filter>
    </None>
  </ItemGroup>
  <ItemGroup>
    <None Include="DataExchangeC.inl">
      <Filter>Inline Files</Filter>
    </None>
    <None Include="DataExchangeTypeSupportC.inl">
      <Filter>Inline Files</Filter>
    </None>
  </ItemGroup>
</Project>